
Microsoft Visual Studio Solution File, Format Version 12.00
Project("{FAE04EC0-301F-11D3-BF4B-00C04F79EFBC}") = "FinalProject", "FinalProject.csproj", "{2A28C8B8-5387-414B-8B8C-5CB16A46027E}"
EndProject
Global
	GlobalSection(SolutionConfigurationPlatforms) = preSolution
		Debug|Any CPU = Debug|Any CPU
		Release|Any CPU = Release|Any CPU
	EndGlobalSection
	GlobalSection(ProjectConfigurationPlatforms) = postSolution
		{2A28C8B8-5387-414B-8B8C-5CB16A46027E}.Debug|Any CPU.ActiveCfg = Debug|Any CPU
		{2A28C8B8-5387-414B-8B8C-5CB16A46027E}.Debug|Any CPU.Build.0 = Debug|Any CPU
		{2A28C8B8-5387-414B-8B8C-5CB16A46027E}.Release|Any CPU.ActiveCfg = Release|Any CPU
		{2A28C8B8-5387-414B-8B8C-5CB16A46027E}.Release|Any CPU.Build.0 = Release|Any CPU
	EndGlobalSection
EndGlobal
